
Microsoft Visual Studio Solution File, Format Version 12.00
# Visual Studio Version 17
VisualStudioVersion = 17.6.33723.286
MinimumVisualStudioVersion = 10.0.40219.1
Project("{FAE04EC0-301F-11D3-BF4B-00C04F79EFBC}") = "CSharp Library Api", "CSharp Library Api\CSharp Library Api.csproj", "{82DCF13D-DA7C-4D33-8E45-466011133675}"
EndProject
Global
	GlobalSection(SolutionConfigurationPlatforms) = preSolution
		Debug|Any CPU = Debug|Any CPU
		Release|Any CPU = Release|Any CPU
	EndGlobalSection
	GlobalSection(ProjectConfigurationPlatforms) = postSolution
		{82DCF13D-DA7C-4D33-8E45-466011133675}.Debug|Any CPU.ActiveCfg = Debug|Any CPU
		{82DCF13D-DA7C-4D33-8E45-466011133675}.Debug|Any CPU.Build.0 = Debug|Any CPU
		{82DCF13D-DA7C-4D33-8E45-466011133675}.Release|Any CPU.ActiveCfg = Release|Any CPU
		{82DCF13D-DA7C-4D33-8E45-466011133675}.Release|Any CPU.Build.0 = Release|Any CPU
	EndGlobalSection
	GlobalSection(SolutionProperties) = preSolution
		HideSolutionNode = FALSE
	EndGlobalSection
	GlobalSection(ExtensibilityGlobals) = postSolution
		SolutionGuid = {16A0FA4A-BC52-489D-8D72-31C87DC979B0}
	EndGlobalSection
EndGlobal
